
Microsoft Visual Studio Solution File, Format Version 12.00
# Visual Studio 14
VisualStudioVersion = 14.0.25420.1
MinimumVisualStudioVersion = 10.0.40219.1
Project("{F184B08F-C81C-45F6-A57F-5ABD9991F28F}") = "ConfigCreator", "ConfigCreator\ConfigCreator.vbproj", "{0BF8E8E5-73C4-4831-8A57-6127B1F57A1A}"
	ProjectSection(ProjectDependencies) = postProject
		{E2F9BFF6-1382-4492-A813-E11201F313DE} = {E2F9BFF6-1382-4492-A813-E11201F313DE}
	EndProjectSection
EndProject
Project("{F184B08F-C81C-45F6-A57F-5ABD9991F28F}") = "Tm2EmailService", "Tm2EmailService\Tm2EmailService.vbproj", "{F18EB8B6-4872-4B2F-B04F-9B560523E357}"
EndProject
Project("{F184B08F-C81C-45F6-A57F-5ABD9991F28F}") = "TerminalManagement2", "TerminalManagement2\TerminalManagement2.vbproj", "{2A55A86A-875A-44EA-B7EB-41077E11D639}"
	ProjectSection(ProjectDependencies) = postProject
		{53301D33-8649-4B2B-91C6-31ECAF2AEA47} = {53301D33-8649-4B2B-91C6-31ECAF2AEA47}
	EndProjectSection
EndProject
Project("{54435603-DBB4-11D2-8724-00A0C9A8B90C}") = "TerminalManagement2Setup", "TerminalManagement2Setup\AemsManagementSetup.vdproj", "{89C87BFE-1D21-450F-ACDB-D92E3B5D264D}"
	ProjectSection(ProjectDependencies) = postProject
		{6B1FEC2F-CC7F-43F8-982A-CBE324EB79CF} = {6B1FEC2F-CC7F-43F8-982A-CBE324EB79CF}
		{53301D33-8649-4B2B-91C6-31ECAF2AEA47} = {53301D33-8649-4B2B-91C6-31ECAF2AEA47}
		{14D23B41-ECD4-4FE3-9B20-45E0D76BA4CE} = {14D23B41-ECD4-4FE3-9B20-45E0D76BA4CE}
		{6BFE1747-9B64-4E4D-B63A-BA1CCEB22FB7} = {6BFE1747-9B64-4E4D-B63A-BA1CCEB22FB7}
		{61A7F460-EB28-4323-9FF0-0BF4462189F6} = {61A7F460-EB28-4323-9FF0-0BF4462189F6}
		{F18EB8B6-4872-4B2F-B04F-9B560523E357} = {F18EB8B6-4872-4B2F-B04F-9B560523E357}
		{0BF8E8E5-73C4-4831-8A57-6127B1F57A1A} = {0BF8E8E5-73C4-4831-8A57-6127B1F57A1A}
		{74B4C8F0-68F1-4325-BC82-627D07C18DCD} = {74B4C8F0-68F1-4325-BC82-627D07C18DCD}
		{E2F9BFF6-1382-4492-A813-E11201F313DE} = {E2F9BFF6-1382-4492-A813-E11201F313DE}
	EndProjectSection
EndProject
Project("{F184B08F-C81C-45F6-A57F-5ABD9991F28F}") = "CaptureSignature", "CaptureSignature\CaptureSignature.vbproj", "{53301D33-8649-4B2B-91C6-31ECAF2AEA47}"
	ProjectSection(ProjectDependencies) = postProject
		{E2F9BFF6-1382-4492-A813-E11201F313DE} = {E2F9BFF6-1382-4492-A813-E11201F313DE}
	EndProjectSection
EndProject
Project("{F184B08F-C81C-45F6-A57F-5ABD9991F28F}") = "Tm2BackgroundServices", "Tm2BackgroundServices\Tm2BackgroundServices.vbproj", "{14D23B41-ECD4-4FE3-9B20-45E0D76BA4CE}"
EndProject
Project("{F184B08F-C81C-45F6-A57F-5ABD9991F28F}") = "TM2ScheduledTaskCreator", "ScheduledTaskCreator\TM2ScheduledTaskCreator.vbproj", "{61A7F460-EB28-4323-9FF0-0BF4462189F6}"
	ProjectSection(ProjectDependencies) = postProject
		{E2F9BFF6-1382-4492-A813-E11201F313DE} = {E2F9BFF6-1382-4492-A813-E11201F313DE}
	EndProjectSection
EndProject
Project("{F184B08F-C81C-45F6-A57F-5ABD9991F28F}") = "Tm2Backup", "Tm2Backup\Tm2Backup.vbproj", "{6BFE1747-9B64-4E4D-B63A-BA1CCEB22FB7}"
EndProject
Project("{F184B08F-C81C-45F6-A57F-5ABD9991F28F}") = "Tm2TankStatusReader", "Tm2TankStatusReader\Tm2TankStatusReader\Tm2TankStatusReader.vbproj", "{6B1FEC2F-CC7F-43F8-982A-CBE324EB79CF}"
EndProject
Project("{F184B08F-C81C-45F6-A57F-5ABD9991F28F}") = "Tm2TankStatusReaderConfiguration", "Tm2TankStatusReader\Tm2TankStatusReaderConfiguration\Tm2TankStatusReaderConfiguration.vbproj", "{74B4C8F0-68F1-4325-BC82-627D07C18DCD}"
	ProjectSection(ProjectDependencies) = postProject
		{6B1FEC2F-CC7F-43F8-982A-CBE324EB79CF} = {6B1FEC2F-CC7F-43F8-982A-CBE324EB79CF}
		{E2F9BFF6-1382-4492-A813-E11201F313DE} = {E2F9BFF6-1382-4492-A813-E11201F313DE}
	EndProjectSection
EndProject
Project("{2150E333-8FDC-42A3-9474-1A3956D46DE8}") = "Solution Items", "Solution Items", "{56B24367-8BFA-435C-AFE4-9FAAC262C97C}"
	ProjectSection(SolutionItems) = preProject
		TerminalManagement2Setup\fix_removepreviousversion.vbs = TerminalManagement2Setup\fix_removepreviousversion.vbs
		WebEssentials2015-Settings.json = WebEssentials2015-Settings.json
	EndProjectSection
EndProject
Project("{F184B08F-C81C-45F6-A57F-5ABD9991F28F}") = "Common", "Common\Common.vbproj", "{E2F9BFF6-1382-4492-A813-E11201F313DE}"
EndProject
Global
	GlobalSection(SolutionConfigurationPlatforms) = preSolution
		Debug|Any CPU = Debug|Any CPU
		Debug|Mixed Platforms = Debug|Mixed Platforms
		Debug|x86 = Debug|x86
		Release Permament License|Any CPU = Release Permament License|Any CPU
		Release Permament License|Mixed Platforms = Release Permament License|Mixed Platforms
		Release Permament License|x86 = Release Permament License|x86
		Release|Any CPU = Release|Any CPU
		Release|Mixed Platforms = Release|Mixed Platforms
		Release|x86 = Release|x86
	EndGlobalSection
	GlobalSection(ProjectConfigurationPlatforms) = postSolution
		{0BF8E8E5-73C4-4831-8A57-6127B1F57A1A}.Debug|Any CPU.ActiveCfg = Debug|Any CPU
		{0BF8E8E5-73C4-4831-8A57-6127B1F57A1A}.Debug|Any CPU.Build.0 = Debug|Any CPU
		{0BF8E8E5-73C4-4831-8A57-6127B1F57A1A}.Debug|Mixed Platforms.ActiveCfg = Debug|x86
		{0BF8E8E5-73C4-4831-8A57-6127B1F57A1A}.Debug|Mixed Platforms.Build.0 = Debug|x86
		{0BF8E8E5-73C4-4831-8A57-6127B1F57A1A}.Debug|x86.ActiveCfg = Debug|x86
		{0BF8E8E5-73C4-4831-8A57-6127B1F57A1A}.Debug|x86.Build.0 = Debug|x86
		{0BF8E8E5-73C4-4831-8A57-6127B1F57A1A}.Release Permament License|Any CPU.ActiveCfg = Release|Any CPU
		{0BF8E8E5-73C4-4831-8A57-6127B1F57A1A}.Release Permament License|Any CPU.Build.0 = Release|Any CPU
		{0BF8E8E5-73C4-4831-8A57-6127B1F57A1A}.Release Permament License|Mixed Platforms.ActiveCfg = Release|Any CPU
		{0BF8E8E5-73C4-4831-8A57-6127B1F57A1A}.Release Permament License|Mixed Platforms.Build.0 = Release|Any CPU
		{0BF8E8E5-73C4-4831-8A57-6127B1F57A1A}.Release Permament License|x86.ActiveCfg = Release|x86
		{0BF8E8E5-73C4-4831-8A57-6127B1F57A1A}.Release Permament License|x86.Build.0 = Release|x86
		{0BF8E8E5-73C4-4831-8A57-6127B1F57A1A}.Release|Any CPU.ActiveCfg = Release|Any CPU
		{0BF8E8E5-73C4-4831-8A57-6127B1F57A1A}.Release|Any CPU.Build.0 = Release|Any CPU
		{0BF8E8E5-73C4-4831-8A57-6127B1F57A1A}.Release|Mixed Platforms.ActiveCfg = Release|Any CPU
		{0BF8E8E5-73C4-4831-8A57-6127B1F57A1A}.Release|Mixed Platforms.Build.0 = Release|Any CPU
		{0BF8E8E5-73C4-4831-8A57-6127B1F57A1A}.Release|x86.ActiveCfg = Release|x86
		{0BF8E8E5-73C4-4831-8A57-6127B1F57A1A}.Release|x86.Build.0 = Release|x86
		{F18EB8B6-4872-4B2F-B04F-9B560523E357}.Debug|Any CPU.ActiveCfg = Debug|x86
		{F18EB8B6-4872-4B2F-B04F-9B560523E357}.Debug|Mixed Platforms.ActiveCfg = Debug|x86
		{F18EB8B6-4872-4B2F-B04F-9B560523E357}.Debug|Mixed Platforms.Build.0 = Debug|x86
		{F18EB8B6-4872-4B2F-B04F-9B560523E357}.Debug|x86.ActiveCfg = Debug|x86
		{F18EB8B6-4872-4B2F-B04F-9B560523E357}.Debug|x86.Build.0 = Debug|x86
		{F18EB8B6-4872-4B2F-B04F-9B560523E357}.Release Permament License|Any CPU.ActiveCfg = Release|x86
		{F18EB8B6-4872-4B2F-B04F-9B560523E357}.Release Permament License|Any CPU.Build.0 = Release|x86
		{F18EB8B6-4872-4B2F-B04F-9B560523E357}.Release Permament License|Mixed Platforms.ActiveCfg = Release|x86
		{F18EB8B6-4872-4B2F-B04F-9B560523E357}.Release Permament License|Mixed Platforms.Build.0 = Release|x86
		{F18EB8B6-4872-4B2F-B04F-9B560523E357}.Release Permament License|x86.ActiveCfg = Release|x86
		{F18EB8B6-4872-4B2F-B04F-9B560523E357}.Release Permament License|x86.Build.0 = Release|x86
		{F18EB8B6-4872-4B2F-B04F-9B560523E357}.Release|Any CPU.ActiveCfg = Release|x86
		{F18EB8B6-4872-4B2F-B04F-9B560523E357}.Release|Mixed Platforms.ActiveCfg = Release|x86
		{F18EB8B6-4872-4B2F-B04F-9B560523E357}.Release|Mixed Platforms.Build.0 = Release|x86
		{F18EB8B6-4872-4B2F-B04F-9B560523E357}.Release|x86.ActiveCfg = Release|x86
		{F18EB8B6-4872-4B2F-B04F-9B560523E357}.Release|x86.Build.0 = Release|x86
		{2A55A86A-875A-44EA-B7EB-41077E11D639}.Debug|Any CPU.ActiveCfg = Debug|Any CPU
		{2A55A86A-875A-44EA-B7EB-41077E11D639}.Debug|Any CPU.Build.0 = Debug|Any CPU
		{2A55A86A-875A-44EA-B7EB-41077E11D639}.Debug|Mixed Platforms.ActiveCfg = Debug|Any CPU
		{2A55A86A-875A-44EA-B7EB-41077E11D639}.Debug|Mixed Platforms.Build.0 = Debug|Any CPU
		{2A55A86A-875A-44EA-B7EB-41077E11D639}.Debug|x86.ActiveCfg = Debug|Any CPU
		{2A55A86A-875A-44EA-B7EB-41077E11D639}.Debug|x86.Build.0 = Debug|Any CPU
		{2A55A86A-875A-44EA-B7EB-41077E11D639}.Release Permament License|Any CPU.ActiveCfg = Release|Any CPU
		{2A55A86A-875A-44EA-B7EB-41077E11D639}.Release Permament License|Any CPU.Build.0 = Release|Any CPU
		{2A55A86A-875A-44EA-B7EB-41077E11D639}.Release Permament License|Mixed Platforms.ActiveCfg = Release|Any CPU
		{2A55A86A-875A-44EA-B7EB-41077E11D639}.Release Permament License|Mixed Platforms.Build.0 = Release|Any CPU
		{2A55A86A-875A-44EA-B7EB-41077E11D639}.Release Permament License|x86.ActiveCfg = Release|Any CPU
		{2A55A86A-875A-44EA-B7EB-41077E11D639}.Release Permament License|x86.Build.0 = Release|Any CPU
		{2A55A86A-875A-44EA-B7EB-41077E11D639}.Release|Any CPU.ActiveCfg = Release|Any CPU
		{2A55A86A-875A-44EA-B7EB-41077E11D639}.Release|Any CPU.Build.0 = Release|Any CPU
		{2A55A86A-875A-44EA-B7EB-41077E11D639}.Release|Mixed Platforms.ActiveCfg = Release|Any CPU
		{2A55A86A-875A-44EA-B7EB-41077E11D639}.Release|Mixed Platforms.Build.0 = Release|Any CPU
		{2A55A86A-875A-44EA-B7EB-41077E11D639}.Release|x86.ActiveCfg = Release|Any CPU
		{2A55A86A-875A-44EA-B7EB-41077E11D639}.Release|x86.Build.0 = Release|Any CPU
		{89C87BFE-1D21-450F-ACDB-D92E3B5D264D}.Debug|Any CPU.ActiveCfg = Debug
		{89C87BFE-1D21-450F-ACDB-D92E3B5D264D}.Debug|Any CPU.Build.0 = Debug
		{89C87BFE-1D21-450F-ACDB-D92E3B5D264D}.Debug|Mixed Platforms.ActiveCfg = Release
		{89C87BFE-1D21-450F-ACDB-D92E3B5D264D}.Debug|Mixed Platforms.Build.0 = Release
		{89C87BFE-1D21-450F-ACDB-D92E3B5D264D}.Debug|x86.ActiveCfg = Debug
		{89C87BFE-1D21-450F-ACDB-D92E3B5D264D}.Debug|x86.Build.0 = Debug
		{89C87BFE-1D21-450F-ACDB-D92E3B5D264D}.Release Permament License|Any CPU.ActiveCfg = Release
		{89C87BFE-1D21-450F-ACDB-D92E3B5D264D}.Release Permament License|Any CPU.Build.0 = Release
		{89C87BFE-1D21-450F-ACDB-D92E3B5D264D}.Release Permament License|Mixed Platforms.ActiveCfg = Release Permanent License
		{89C87BFE-1D21-450F-ACDB-D92E3B5D264D}.Release Permament License|Mixed Platforms.Build.0 = Release Permanent License
		{89C87BFE-1D21-450F-ACDB-D92E3B5D264D}.Release Permament License|x86.ActiveCfg = Release
		{89C87BFE-1D21-450F-ACDB-D92E3B5D264D}.Release Permament License|x86.Build.0 = Release
		{89C87BFE-1D21-450F-ACDB-D92E3B5D264D}.Release|Any CPU.ActiveCfg = Release
		{89C87BFE-1D21-450F-ACDB-D92E3B5D264D}.Release|Any CPU.Build.0 = Release
		{89C87BFE-1D21-450F-ACDB-D92E3B5D264D}.Release|Mixed Platforms.ActiveCfg = Release
		{89C87BFE-1D21-450F-ACDB-D92E3B5D264D}.Release|Mixed Platforms.Build.0 = Release
		{89C87BFE-1D21-450F-ACDB-D92E3B5D264D}.Release|x86.ActiveCfg = Release
		{89C87BFE-1D21-450F-ACDB-D92E3B5D264D}.Release|x86.Build.0 = Release
		{53301D33-8649-4B2B-91C6-31ECAF2AEA47}.Debug|Any CPU.ActiveCfg = Debug|x86
		{53301D33-8649-4B2B-91C6-31ECAF2AEA47}.Debug|Mixed Platforms.ActiveCfg = Debug|x86
		{53301D33-8649-4B2B-91C6-31ECAF2AEA47}.Debug|Mixed Platforms.Build.0 = Debug|x86
		{53301D33-8649-4B2B-91C6-31ECAF2AEA47}.Debug|x86.ActiveCfg = Debug|x86
		{53301D33-8649-4B2B-91C6-31ECAF2AEA47}.Debug|x86.Build.0 = Debug|x86
		{53301D33-8649-4B2B-91C6-31ECAF2AEA47}.Release Permament License|Any CPU.ActiveCfg = Release|x86
		{53301D33-8649-4B2B-91C6-31ECAF2AEA47}.Release Permament License|Any CPU.Build.0 = Release|x86
		{53301D33-8649-4B2B-91C6-31ECAF2AEA47}.Release Permament License|Mixed Platforms.ActiveCfg = Release|x86
		{53301D33-8649-4B2B-91C6-31ECAF2AEA47}.Release Permament License|Mixed Platforms.Build.0 = Release|x86
		{53301D33-8649-4B2B-91C6-31ECAF2AEA47}.Release Permament License|x86.ActiveCfg = Release|x86
		{53301D33-8649-4B2B-91C6-31ECAF2AEA47}.Release Permament License|x86.Build.0 = Release|x86
		{53301D33-8649-4B2B-91C6-31ECAF2AEA47}.Release|Any CPU.ActiveCfg = Release|x86
		{53301D33-8649-4B2B-91C6-31ECAF2AEA47}.Release|Mixed Platforms.ActiveCfg = Release|x86
		{53301D33-8649-4B2B-91C6-31ECAF2AEA47}.Release|Mixed Platforms.Build.0 = Release|x86
		{53301D33-8649-4B2B-91C6-31ECAF2AEA47}.Release|x86.ActiveCfg = Release|x86
		{53301D33-8649-4B2B-91C6-31ECAF2AEA47}.Release|x86.Build.0 = Release|x86
		{14D23B41-ECD4-4FE3-9B20-45E0D76BA4CE}.Debug|Any CPU.ActiveCfg = Debug|x86
		{14D23B41-ECD4-4FE3-9B20-45E0D76BA4CE}.Debug|Mixed Platforms.ActiveCfg = Debug|x86
		{14D23B41-ECD4-4FE3-9B20-45E0D76BA4CE}.Debug|Mixed Platforms.Build.0 = Debug|x86
		{14D23B41-ECD4-4FE3-9B20-45E0D76BA4CE}.Debug|x86.ActiveCfg = Debug|x86
		{14D23B41-ECD4-4FE3-9B20-45E0D76BA4CE}.Debug|x86.Build.0 = Debug|x86
		{14D23B41-ECD4-4FE3-9B20-45E0D76BA4CE}.Release Permament License|Any CPU.ActiveCfg = Release|x86
		{14D23B41-ECD4-4FE3-9B20-45E0D76BA4CE}.Release Permament License|Any CPU.Build.0 = Release|x86
		{14D23B41-ECD4-4FE3-9B20-45E0D76BA4CE}.Release Permament License|Mixed Platforms.ActiveCfg = Release|x86
		{14D23B41-ECD4-4FE3-9B20-45E0D76BA4CE}.Release Permament License|Mixed Platforms.Build.0 = Release|x86
		{14D23B41-ECD4-4FE3-9B20-45E0D76BA4CE}.Release Permament License|x86.ActiveCfg = Release|x86
		{14D23B41-ECD4-4FE3-9B20-45E0D76BA4CE}.Release Permament License|x86.Build.0 = Release|x86
		{14D23B41-ECD4-4FE3-9B20-45E0D76BA4CE}.Release|Any CPU.ActiveCfg = Release|x86
		{14D23B41-ECD4-4FE3-9B20-45E0D76BA4CE}.Release|Mixed Platforms.ActiveCfg = Release|x86
		{14D23B41-ECD4-4FE3-9B20-45E0D76BA4CE}.Release|Mixed Platforms.Build.0 = Release|x86
		{14D23B41-ECD4-4FE3-9B20-45E0D76BA4CE}.Release|x86.ActiveCfg = Release|x86
		{14D23B41-ECD4-4FE3-9B20-45E0D76BA4CE}.Release|x86.Build.0 = Release|x86
		{61A7F460-EB28-4323-9FF0-0BF4462189F6}.Debug|Any CPU.ActiveCfg = Debug|x86
		{61A7F460-EB28-4323-9FF0-0BF4462189F6}.Debug|Mixed Platforms.ActiveCfg = Debug|x86
		{61A7F460-EB28-4323-9FF0-0BF4462189F6}.Debug|Mixed Platforms.Build.0 = Debug|x86
		{61A7F460-EB28-4323-9FF0-0BF4462189F6}.Debug|x86.ActiveCfg = Debug|x86
		{61A7F460-EB28-4323-9FF0-0BF4462189F6}.Debug|x86.Build.0 = Debug|x86
		{61A7F460-EB28-4323-9FF0-0BF4462189F6}.Release Permament License|Any CPU.ActiveCfg = Release|x86
		{61A7F460-EB28-4323-9FF0-0BF4462189F6}.Release Permament License|Any CPU.Build.0 = Release|x86
		{61A7F460-EB28-4323-9FF0-0BF4462189F6}.Release Permament License|Mixed Platforms.ActiveCfg = Release|x86
		{61A7F460-EB28-4323-9FF0-0BF4462189F6}.Release Permament License|Mixed Platforms.Build.0 = Release|x86
		{61A7F460-EB28-4323-9FF0-0BF4462189F6}.Release Permament License|x86.ActiveCfg = Release|x86
		{61A7F460-EB28-4323-9FF0-0BF4462189F6}.Release Permament License|x86.Build.0 = Release|x86
		{61A7F460-EB28-4323-9FF0-0BF4462189F6}.Release|Any CPU.ActiveCfg = Release|x86
		{61A7F460-EB28-4323-9FF0-0BF4462189F6}.Release|Mixed Platforms.ActiveCfg = Release|x86
		{61A7F460-EB28-4323-9FF0-0BF4462189F6}.Release|Mixed Platforms.Build.0 = Release|x86
		{61A7F460-EB28-4323-9FF0-0BF4462189F6}.Release|x86.ActiveCfg = Release|x86
		{61A7F460-EB28-4323-9FF0-0BF4462189F6}.Release|x86.Build.0 = Release|x86
		{6BFE1747-9B64-4E4D-B63A-BA1CCEB22FB7}.Debug|Any CPU.ActiveCfg = Debug|x86
		{6BFE1747-9B64-4E4D-B63A-BA1CCEB22FB7}.Debug|Mixed Platforms.ActiveCfg = Debug|x86
		{6BFE1747-9B64-4E4D-B63A-BA1CCEB22FB7}.Debug|Mixed Platforms.Build.0 = Debug|x86
		{6BFE1747-9B64-4E4D-B63A-BA1CCEB22FB7}.Debug|x86.ActiveCfg = Debug|x86
		{6BFE1747-9B64-4E4D-B63A-BA1CCEB22FB7}.Debug|x86.Build.0 = Debug|x86
		{6BFE1747-9B64-4E4D-B63A-BA1CCEB22FB7}.Release Permament License|Any CPU.ActiveCfg = Release|x86
		{6BFE1747-9B64-4E4D-B63A-BA1CCEB22FB7}.Release Permament License|Any CPU.Build.0 = Release|x86
		{6BFE1747-9B64-4E4D-B63A-BA1CCEB22FB7}.Release Permament License|Mixed Platforms.ActiveCfg = Release|x86
		{6BFE1747-9B64-4E4D-B63A-BA1CCEB22FB7}.Release Permament License|Mixed Platforms.Build.0 = Release|x86
		{6BFE1747-9B64-4E4D-B63A-BA1CCEB22FB7}.Release Permament License|x86.ActiveCfg = Release|x86
		{6BFE1747-9B64-4E4D-B63A-BA1CCEB22FB7}.Release Permament License|x86.Build.0 = Release|x86
		{6BFE1747-9B64-4E4D-B63A-BA1CCEB22FB7}.Release|Any CPU.ActiveCfg = Release|x86
		{6BFE1747-9B64-4E4D-B63A-BA1CCEB22FB7}.Release|Mixed Platforms.ActiveCfg = Release|x86
		{6BFE1747-9B64-4E4D-B63A-BA1CCEB22FB7}.Release|Mixed Platforms.Build.0 = Release|x86
		{6BFE1747-9B64-4E4D-B63A-BA1CCEB22FB7}.Release|x86.ActiveCfg = Release|x86
		{6BFE1747-9B64-4E4D-B63A-BA1CCEB22FB7}.Release|x86.Build.0 = Release|x86
		{6B1FEC2F-CC7F-43F8-982A-CBE324EB79CF}.Debug|Any CPU.ActiveCfg = Debug|x86
		{6B1FEC2F-CC7F-43F8-982A-CBE324EB79CF}.Debug|Mixed Platforms.ActiveCfg = Debug|x86
		{6B1FEC2F-CC7F-43F8-982A-CBE324EB79CF}.Debug|Mixed Platforms.Build.0 = Debug|x86
		{6B1FEC2F-CC7F-43F8-982A-CBE324EB79CF}.Debug|x86.ActiveCfg = Debug|x86
		{6B1FEC2F-CC7F-43F8-982A-CBE324EB79CF}.Debug|x86.Build.0 = Debug|x86
		{6B1FEC2F-CC7F-43F8-982A-CBE324EB79CF}.Release Permament License|Any CPU.ActiveCfg = Release|x86
		{6B1FEC2F-CC7F-43F8-982A-CBE324EB79CF}.Release Permament License|Any CPU.Build.0 = Release|x86
		{6B1FEC2F-CC7F-43F8-982A-CBE324EB79CF}.Release Permament License|Mixed Platforms.ActiveCfg = Release|x86
		{6B1FEC2F-CC7F-43F8-982A-CBE324EB79CF}.Release Permament License|Mixed Platforms.Build.0 = Release|x86
		{6B1FEC2F-CC7F-43F8-982A-CBE324EB79CF}.Release Permament License|x86.ActiveCfg = Release|x86
		{6B1FEC2F-CC7F-43F8-982A-CBE324EB79CF}.Release Permament License|x86.Build.0 = Release|x86
		{6B1FEC2F-CC7F-43F8-982A-CBE324EB79CF}.Release|Any CPU.ActiveCfg = Release|x86
		{6B1FEC2F-CC7F-43F8-982A-CBE324EB79CF}.Release|Mixed Platforms.ActiveCfg = Release|x86
		{6B1FEC2F-CC7F-43F8-982A-CBE324EB79CF}.Release|Mixed Platforms.Build.0 = Release|x86
		{6B1FEC2F-CC7F-43F8-982A-CBE324EB79CF}.Release|x86.ActiveCfg = Release|x86
		{6B1FEC2F-CC7F-43F8-982A-CBE324EB79CF}.Release|x86.Build.0 = Release|x86
		{74B4C8F0-68F1-4325-BC82-627D07C18DCD}.Debug|Any CPU.ActiveCfg = Debug|x86
		{74B4C8F0-68F1-4325-BC82-627D07C18DCD}.Debug|Mixed Platforms.ActiveCfg = Debug|x86
		{74B4C8F0-68F1-4325-BC82-627D07C18DCD}.Debug|Mixed Platforms.Build.0 = Debug|x86
		{74B4C8F0-68F1-4325-BC82-627D07C18DCD}.Debug|x86.ActiveCfg = Debug|x86
		{74B4C8F0-68F1-4325-BC82-627D07C18DCD}.Debug|x86.Build.0 = Debug|x86
		{74B4C8F0-68F1-4325-BC82-627D07C18DCD}.Release Permament License|Any CPU.ActiveCfg = Release|x86
		{74B4C8F0-68F1-4325-BC82-627D07C18DCD}.Release Permament License|Any CPU.Build.0 = Release|x86
		{74B4C8F0-68F1-4325-BC82-627D07C18DCD}.Release Permament License|Mixed Platforms.ActiveCfg = Release|x86
		{74B4C8F0-68F1-4325-BC82-627D07C18DCD}.Release Permament License|Mixed Platforms.Build.0 = Release|x86
		{74B4C8F0-68F1-4325-BC82-627D07C18DCD}.Release Permament License|x86.ActiveCfg = Release|x86
		{74B4C8F0-68F1-4325-BC82-627D07C18DCD}.Release Permament License|x86.Build.0 = Release|x86
		{74B4C8F0-68F1-4325-BC82-627D07C18DCD}.Release|Any CPU.ActiveCfg = Release|x86
		{74B4C8F0-68F1-4325-BC82-627D07C18DCD}.Release|Mixed Platforms.ActiveCfg = Release|x86
		{74B4C8F0-68F1-4325-BC82-627D07C18DCD}.Release|Mixed Platforms.Build.0 = Release|x86
		{74B4C8F0-68F1-4325-BC82-627D07C18DCD}.Release|x86.ActiveCfg = Release|x86
		{74B4C8F0-68F1-4325-BC82-627D07C18DCD}.Release|x86.Build.0 = Release|x86
		{E2F9BFF6-1382-4492-A813-E11201F313DE}.Debug|Any CPU.ActiveCfg = Debug|Any CPU
		{E2F9BFF6-1382-4492-A813-E11201F313DE}.Debug|Any CPU.Build.0 = Debug|Any CPU
		{E2F9BFF6-1382-4492-A813-E11201F313DE}.Debug|Mixed Platforms.ActiveCfg = Debug|Any CPU
		{E2F9BFF6-1382-4492-A813-E11201F313DE}.Debug|Mixed Platforms.Build.0 = Debug|Any CPU
		{E2F9BFF6-1382-4492-A813-E11201F313DE}.Debug|x86.ActiveCfg = Debug|Any CPU
		{E2F9BFF6-1382-4492-A813-E11201F313DE}.Debug|x86.Build.0 = Debug|Any CPU
		{E2F9BFF6-1382-4492-A813-E11201F313DE}.Release Permament License|Any CPU.ActiveCfg = Release|Any CPU
		{E2F9BFF6-1382-4492-A813-E11201F313DE}.Release Permament License|Any CPU.Build.0 = Release|Any CPU
		{E2F9BFF6-1382-4492-A813-E11201F313DE}.Release Permament License|Mixed Platforms.ActiveCfg = Release Permanent License|Any CPU
		{E2F9BFF6-1382-4492-A813-E11201F313DE}.Release Permament License|Mixed Platforms.Build.0 = Release Permanent License|Any CPU
		{E2F9BFF6-1382-4492-A813-E11201F313DE}.Release Permament License|x86.ActiveCfg = Release|Any CPU
		{E2F9BFF6-1382-4492-A813-E11201F313DE}.Release Permament License|x86.Build.0 = Release|Any CPU
		{E2F9BFF6-1382-4492-A813-E11201F313DE}.Release|Any CPU.ActiveCfg = Release|Any CPU
		{E2F9BFF6-1382-4492-A813-E11201F313DE}.Release|Any CPU.Build.0 = Release|Any CPU
		{E2F9BFF6-1382-4492-A813-E11201F313DE}.Release|Mixed Platforms.ActiveCfg = Release|Any CPU
		{E2F9BFF6-1382-4492-A813-E11201F313DE}.Release|Mixed Platforms.Build.0 = Release|Any CPU
		{E2F9BFF6-1382-4492-A813-E11201F313DE}.Release|x86.ActiveCfg = Release|Any CPU
		{E2F9BFF6-1382-4492-A813-E11201F313DE}.Release|x86.Build.0 = Release|Any CPU
	EndGlobalSection
	GlobalSection(SolutionProperties) = preSolution
		HideSolutionNode = FALSE
	EndGlobalSection
	GlobalSection(TeamFoundationVersionControl) = preSolution
		SccNumberOfProjects = 12
		SccEnterpriseProvider = {4CA58AB2-18FA-4F8D-95D4-32DDF27D184C}
		SccTeamFoundationServer = http://kaco5.kahler.local:8080/tfs/defaultcollection
		SccLocalPath0 = .
		SccProjectUniqueName1 = ConfigCreator\\ConfigCreator.vbproj
		SccProjectName1 = ConfigCreator
		SccLocalPath1 = ConfigCreator
		SccProjectUniqueName2 = Tm2EmailService\\Tm2EmailService.vbproj
		SccProjectName2 = Tm2EmailService
		SccLocalPath2 = Tm2EmailService
		SccProjectUniqueName3 = TerminalManagement2\\TerminalManagement2.vbproj
		SccProjectName3 = TerminalManagement2
		SccLocalPath3 = TerminalManagement2
		SccProjectUniqueName4 = TerminalManagement2Setup\\AemsManagementSetup.vdproj
		SccProjectName4 = TerminalManagement2Setup
		SccLocalPath4 = TerminalManagement2Setup
		SccProjectUniqueName5 = CaptureSignature\\CaptureSignature.vbproj
		SccProjectName5 = CaptureSignature
		SccLocalPath5 = CaptureSignature
		SccProjectUniqueName6 = Tm2BackgroundServices\\Tm2BackgroundServices.vbproj
		SccProjectName6 = Tm2BackgroundServices
		SccLocalPath6 = Tm2BackgroundServices
		SccProjectUniqueName7 = ScheduledTaskCreator\\TM2ScheduledTaskCreator.vbproj
		SccProjectName7 = ScheduledTaskCreator
		SccLocalPath7 = ScheduledTaskCreator
		SccProjectUniqueName8 = Tm2Backup\\Tm2Backup.vbproj
		SccProjectName8 = Tm2Backup
		SccLocalPath8 = Tm2Backup
		SccProjectUniqueName9 = Tm2TankStatusReader\\Tm2TankStatusReader\\Tm2TankStatusReader.vbproj
		SccProjectName9 = Tm2TankStatusReader/Tm2TankStatusReader
		SccLocalPath9 = Tm2TankStatusReader\\Tm2TankStatusReader
		SccProjectUniqueName10 = Tm2TankStatusReader\\Tm2TankStatusReaderConfiguration\\Tm2TankStatusReaderConfiguration.vbproj
		SccProjectName10 = Tm2TankStatusReader/Tm2TankStatusReaderConfiguration
		SccLocalPath10 = Tm2TankStatusReader\\Tm2TankStatusReaderConfiguration
		SccProjectUniqueName11 = Common\\Common.vbproj
		SccProjectName11 = Common
		SccLocalPath11 = Common
	EndGlobalSection
EndGlobal
